
Microsoft Visual Studio Solution File, Format Version 12.00
# Visual Studio Version 17
VisualStudioVersion = 17.14.36212.18
MinimumVisualStudioVersion = 10.0.40219.1
Project("{FAE04EC0-301F-11D3-BF4B-00C04F79EFBC}") = "AIConsoleApp", "AIConsoleApp\AIConsoleApp.csproj", "{967D9BE6-A55B-4166-8702-6DAC20A62180}"
EndProject
Project("{FAE04EC0-301F-11D3-BF4B-00C04F79EFBC}") = "TestAI", "TestAI\TestAI.csproj", "{12F7317F-4BB0-458C-AC3C-4221E4A6706B}"
EndProject
Project("{FAE04EC0-301F-11D3-BF4B-00C04F79EFBC}") = "AIUtilityLib", "AIUtilityLib\AIUtilityLib.csproj", "{694725C4-E9D6-453C-8E01-10A3B0088728}"
EndProject
Project("{FAE04EC0-301F-11D3-BF4B-00C04F79EFBC}") = "SkAIExample", "SkAIExample\SkAIExample.csproj", "{BA651110-6C19-4829-AC98-D43922925DB1}"
EndProject
Global
	GlobalSection(SolutionConfigurationPlatforms) = preSolution
		Debug|Any CPU = Debug|Any CPU
		Release|Any CPU = Release|Any CPU
	EndGlobalSection
	GlobalSection(ProjectConfigurationPlatforms) = postSolution
		{967D9BE6-A55B-4166-8702-6DAC20A62180}.Debug|Any CPU.ActiveCfg = Debug|Any CPU
		{967D9BE6-A55B-4166-8702-6DAC20A62180}.Debug|Any CPU.Build.0 = Debug|Any CPU
		{967D9BE6-A55B-4166-8702-6DAC20A62180}.Release|Any CPU.ActiveCfg = Release|Any CPU
		{967D9BE6-A55B-4166-8702-6DAC20A62180}.Release|Any CPU.Build.0 = Release|Any CPU
		{12F7317F-4BB0-458C-AC3C-4221E4A6706B}.Debug|Any CPU.ActiveCfg = Debug|Any CPU
		{12F7317F-4BB0-458C-AC3C-4221E4A6706B}.Debug|Any CPU.Build.0 = Debug|Any CPU
		{12F7317F-4BB0-458C-AC3C-4221E4A6706B}.Release|Any CPU.ActiveCfg = Release|Any CPU
		{12F7317F-4BB0-458C-AC3C-4221E4A6706B}.Release|Any CPU.Build.0 = Release|Any CPU
		{694725C4-E9D6-453C-8E01-10A3B0088728}.Debug|Any CPU.ActiveCfg = Debug|Any CPU
		{694725C4-E9D6-453C-8E01-10A3B0088728}.Debug|Any CPU.Build.0 = Debug|Any CPU
		{694725C4-E9D6-453C-8E01-10A3B0088728}.Release|Any CPU.ActiveCfg = Release|Any CPU
		{694725C4-E9D6-453C-8E01-10A3B0088728}.Release|Any CPU.Build.0 = Release|Any CPU
		{BA651110-6C19-4829-AC98-D43922925DB1}.Debug|Any CPU.ActiveCfg = Debug|Any CPU
		{BA651110-6C19-4829-AC98-D43922925DB1}.Debug|Any CPU.Build.0 = Debug|Any CPU
		{BA651110-6C19-4829-AC98-D43922925DB1}.Release|Any CPU.ActiveCfg = Release|Any CPU
		{BA651110-6C19-4829-AC98-D43922925DB1}.Release|Any CPU.Build.0 = Release|Any CPU
	EndGlobalSection
	GlobalSection(SolutionProperties) = preSolution
		HideSolutionNode = FALSE
	EndGlobalSection
	GlobalSection(ExtensibilityGlobals) = postSolution
		SolutionGuid = {03CB6376-5545-4A1B-957B-4A190F369767}
	EndGlobalSection
EndGlobal
