
Microsoft Visual Studio Solution File, Format Version 12.00
# Visual Studio Version 17
VisualStudioVersion = 17.14.36212.18
MinimumVisualStudioVersion = 10.0.40219.1
Project("{FAE04EC0-301F-11D3-BF4B-00C04F79EFBC}") = "AIConsoleApp", "AIConsoleApp\AIConsoleApp.csproj", "{967D9BE6-A55B-4166-8702-6DAC20A62180}"
EndProject
Project("{FAE04EC0-301F-11D3-BF4B-00C04F79EFBC}") = "TestAI", "TestAI\TestAI.csproj", "{12F7317F-4BB0-458C-AC3C-4221E4A6706B}"
EndProject
Project("{FAE04EC0-301F-11D3-BF4B-00C04F79EFBC}") = "AIUtilityLib", "AIUtilityLib\AIUtilityLib.csproj", "{694725C4-E9D6-453C-8E01-10A3B0088728}"
EndProject
Project("{FAE04EC0-301F-11D3-BF4B-00C04F79EFBC}") = "SkAIExample", "SkAIExample\SkAIExample.csproj", "{BA651110-6C19-4829-AC98-D43922925DB1}"
EndProject
Project("{FAE04EC0-301F-11D3-BF4B-00C04F79EFBC}") = "AgentAIUtility", "AgentAIUtility\AgentAIUtility.csproj", "{0DF34C6D-7961-42D4-9888-DB2016B91800}"
EndProject
Project("{FAE04EC0-301F-11D3-BF4B-00C04F79EFBC}") = "AICommon", "AICommon\AICommon.csproj", "{C8215966-1D1C-4E2C-B031-488AAF028462}"
EndProject
Project("{FAE04EC0-301F-11D3-BF4B-00C04F79EFBC}") = "AgentConsoleApp", "AgentConsoleApp\AgentConsoleApp.csproj", "{BD2A986D-F831-471A-AF8C-99FBF0BA6FDB}"
EndProject
Project("{2150E333-8FDC-42A3-9474-1A3956D46DE8}") = "Solution Items", "Solution Items", "{8EC462FD-D22E-90A8-E5CE-7E832BA40C5D}"
	ProjectSection(SolutionItems) = preProject
		..\README.md = ..\README.md
	EndProjectSection
EndProject
Project("{FAE04EC0-301F-11D3-BF4B-00C04F79EFBC}") = "AIAgentExample", "AIAgentExample\AIAgentExample.csproj", "{E6DEC8ED-FB6E-4AAA-AA00-FA1B9E1F6D16}"
EndProject
Global
	GlobalSection(SolutionConfigurationPlatforms) = preSolution
		Debug|Any CPU = Debug|Any CPU
		Release|Any CPU = Release|Any CPU
	EndGlobalSection
	GlobalSection(ProjectConfigurationPlatforms) = postSolution
		{967D9BE6-A55B-4166-8702-6DAC20A62180}.Debug|Any CPU.ActiveCfg = Debug|Any CPU
		{967D9BE6-A55B-4166-8702-6DAC20A62180}.Debug|Any CPU.Build.0 = Debug|Any CPU
		{967D9BE6-A55B-4166-8702-6DAC20A62180}.Release|Any CPU.ActiveCfg = Release|Any CPU
		{967D9BE6-A55B-4166-8702-6DAC20A62180}.Release|Any CPU.Build.0 = Release|Any CPU
		{12F7317F-4BB0-458C-AC3C-4221E4A6706B}.Debug|Any CPU.ActiveCfg = Debug|Any CPU
		{12F7317F-4BB0-458C-AC3C-4221E4A6706B}.Debug|Any CPU.Build.0 = Debug|Any CPU
		{12F7317F-4BB0-458C-AC3C-4221E4A6706B}.Release|Any CPU.ActiveCfg = Release|Any CPU
		{12F7317F-4BB0-458C-AC3C-4221E4A6706B}.Release|Any CPU.Build.0 = Release|Any CPU
		{694725C4-E9D6-453C-8E01-10A3B0088728}.Debug|Any CPU.ActiveCfg = Debug|Any CPU
		{694725C4-E9D6-453C-8E01-10A3B0088728}.Debug|Any CPU.Build.0 = Debug|Any CPU
		{694725C4-E9D6-453C-8E01-10A3B0088728}.Release|Any CPU.ActiveCfg = Release|Any CPU
		{694725C4-E9D6-453C-8E01-10A3B0088728}.Release|Any CPU.Build.0 = Release|Any CPU
		{BA651110-6C19-4829-AC98-D43922925DB1}.Debug|Any CPU.ActiveCfg = Debug|Any CPU
		{BA651110-6C19-4829-AC98-D43922925DB1}.Debug|Any CPU.Build.0 = Debug|Any CPU
		{BA651110-6C19-4829-AC98-D43922925DB1}.Release|Any CPU.ActiveCfg = Release|Any CPU
		{BA651110-6C19-4829-AC98-D43922925DB1}.Release|Any CPU.Build.0 = Release|Any CPU
		{0DF34C6D-7961-42D4-9888-DB2016B91800}.Debug|Any CPU.ActiveCfg = Debug|Any CPU
		{0DF34C6D-7961-42D4-9888-DB2016B91800}.Debug|Any CPU.Build.0 = Debug|Any CPU
		{0DF34C6D-7961-42D4-9888-DB2016B91800}.Release|Any CPU.ActiveCfg = Release|Any CPU
		{0DF34C6D-7961-42D4-9888-DB2016B91800}.Release|Any CPU.Build.0 = Release|Any CPU
		{C8215966-1D1C-4E2C-B031-488AAF028462}.Debug|Any CPU.ActiveCfg = Debug|Any CPU
		{C8215966-1D1C-4E2C-B031-488AAF028462}.Debug|Any CPU.Build.0 = Debug|Any CPU
		{C8215966-1D1C-4E2C-B031-488AAF028462}.Release|Any CPU.ActiveCfg = Release|Any CPU
		{C8215966-1D1C-4E2C-B031-488AAF028462}.Release|Any CPU.Build.0 = Release|Any CPU
		{BD2A986D-F831-471A-AF8C-99FBF0BA6FDB}.Debug|Any CPU.ActiveCfg = Debug|Any CPU
		{BD2A986D-F831-471A-AF8C-99FBF0BA6FDB}.Debug|Any CPU.Build.0 = Debug|Any CPU
		{BD2A986D-F831-471A-AF8C-99FBF0BA6FDB}.Release|Any CPU.ActiveCfg = Release|Any CPU
		{BD2A986D-F831-471A-AF8C-99FBF0BA6FDB}.Release|Any CPU.Build.0 = Release|Any CPU
		{E6DEC8ED-FB6E-4AAA-AA00-FA1B9E1F6D16}.Debug|Any CPU.ActiveCfg = Debug|Any CPU
		{E6DEC8ED-FB6E-4AAA-AA00-FA1B9E1F6D16}.Debug|Any CPU.Build.0 = Debug|Any CPU
		{E6DEC8ED-FB6E-4AAA-AA00-FA1B9E1F6D16}.Release|Any CPU.ActiveCfg = Release|Any CPU
		{E6DEC8ED-FB6E-4AAA-AA00-FA1B9E1F6D16}.Release|Any CPU.Build.0 = Release|Any CPU
	EndGlobalSection
	GlobalSection(SolutionProperties) = preSolution
		HideSolutionNode = FALSE
	EndGlobalSection
	GlobalSection(ExtensibilityGlobals) = postSolution
		SolutionGuid = {03CB6376-5545-4A1B-957B-4A190F369767}
	EndGlobalSection
EndGlobal
